
Microsoft Visual Studio Solution File, Format Version 12.00
# Visual Studio Version 17
VisualStudioVersion = 17.14.36518.9 d17.14
MinimumVisualStudioVersion = 10.0.40219.1
Project("{FAE04EC0-301F-11D3-BF4B-00C04F79EFBC}") = "LAB13 TASK1", "LAB13 TASK1\LAB13 TASK1.csproj", "{2951E4E2-0F6F-4638-B9BD-AC7DC7FA4C8D}"
EndProject
Global
	GlobalSection(SolutionConfigurationPlatforms) = preSolution
		Debug|Any CPU = Debug|Any CPU
		Release|Any CPU = Release|Any CPU
	EndGlobalSection
	GlobalSection(ProjectConfigurationPlatforms) = postSolution
		{2951E4E2-0F6F-4638-B9BD-AC7DC7FA4C8D}.Debug|Any CPU.ActiveCfg = Debug|Any CPU
		{2951E4E2-0F6F-4638-B9BD-AC7DC7FA4C8D}.Debug|Any CPU.Build.0 = Debug|Any CPU
		{2951E4E2-0F6F-4638-B9BD-AC7DC7FA4C8D}.Release|Any CPU.ActiveCfg = Release|Any CPU
		{2951E4E2-0F6F-4638-B9BD-AC7DC7FA4C8D}.Release|Any CPU.Build.0 = Release|Any CPU
	EndGlobalSection
	GlobalSection(SolutionProperties) = preSolution
		HideSolutionNode = FALSE
	EndGlobalSection
	GlobalSection(ExtensibilityGlobals) = postSolution
		SolutionGuid = {1ECD27D3-FCC8-4CB7-828C-ED062C28E518}
	EndGlobalSection
EndGlobal
